// !$*UTF8*$!
{
	archiveVersion = 1;
	classes = {
	};
	objectVersion = 46;
	objects = {

/* Begin PBXBuildFile section */
		FE9374551CE171C100951743 /* main.m in Sources */ = {isa = PBXBuildFile; fileRef = FE9374541CE171C100951743 /* main.m */; };
		FE9374581CE171C100951743 /* AppDelegate.m in Sources */ = {isa = PBXBuildFile; fileRef = FE9374571CE171C100951743 /* AppDelegate.m */; };
		FE93745B1CE171C100951743 /* ViewController.m in Sources */ = {isa = PBXBuildFile; fileRef = FE93745A1CE171C100951743 /* ViewController.m */; };
		FE93745E1CE171C100951743 /* Main.storyboard in Resources */ = {isa = PBXBuildFile; fileRef = FE93745C1CE171C100951743 /* Main.storyboard */; };
		FE9374601CE171C100951743 /* Assets.xcassets in Resources */ = {isa = PBXBuildFile; fileRef = FE93745F1CE171C100951743 /* Assets.xcassets */; };
		FE9374631CE171C100951743 /* LaunchScreen.storyboard in Resources */ = {isa = PBXBuildFile; fileRef = FE9374611CE171C100951743 /* LaunchScreen.storyboard */; };
		FE93746E1CE171C100951743 /* testLayerTests.m in Sources */ = {isa = PBXBuildFile; fileRef = FE93746D1CE171C100951743 /* testLayerTests.m */; };
		FE9374791CE171C100951743 /* testLayerUITests.m in Sources */ = {isa = PBXBuildFile; fileRef = FE9374781CE171C100951743 /* testLayerUITests.m */; };
		FE9374881CE1C57900951743 /* NextController.m in Sources */ = {isa = PBXBuildFile; fileRef = FE9374871CE1C57900951743 /* NextController.m */; };
		FEFB9E151CE2BE2600E97812 /* StarController.m in Sources */ = {isa = PBXBuildFile; fileRef = FEFB9E141CE2BE2600E97812 /* StarController.m */; };
		FEFB9E181CE2CC0500E97812 /* TransfromController.m in Sources */ = {isa = PBXBuildFile; fileRef = FEFB9E171CE2CC0500E97812 /* TransfromController.m */; };
		FEFB9E1B1CE2D26600E97812 /* EmitterController.m in Sources */ = {isa = PBXBuildFile; fileRef = FEFB9E1A1CE2D26600E97812 /* EmitterController.m */; };
		FEFB9E1E1CE2D7F900E97812 /* TableViewController.m in Sources */ = {isa = PBXBuildFile; fileRef = FEFB9E1D1CE2D7F900E97812 /* TableViewController.m */; };
/* End PBXBuildFile section */

/* Begin PBXContainerItemProxy section */
		FE93746A1CE171C100951743 /* PBXContainerItemProxy */ = {
			isa = PBXContainerItemProxy;
			containerPortal = FE9374481CE171C100951743 /* Project object */;
			proxyType = 1;
			remoteGlobalIDString = FE93744F1CE171C100951743;
			remoteInfo = testLayer;
		};
		FE9374751CE171C100951743 /* PBXContainerItemProxy */ = {
			isa = PBXContainerItemProxy;
			containerPortal = FE9374481CE171C100951743 /* Project object */;
			proxyType = 1;
			remoteGlobalIDString = FE93744F1CE171C100951743;
			remoteInfo = testLayer;
		};
/* End PBXContainerItemProxy section */

/* Begin PBXFileReference section */
		FE9374501CE171C100951743 /* testLayer.app */ = {isa = PBXFileReference; explicitFileType = wrapper.application; includeInIndex = 0; path = testLayer.app; sourceTree = BUILT_PRODUCTS_DIR; };
		FE9374541CE171C100951743 /* main.m */ = {isa = PBXFileReference; lastKnownFileType = sourcecode.c.objc; path = main.m; sourceTree = "<group>"; };
		FE9374561CE171C100951743 /* AppDelegate.h */ = {isa = PBXFileReference; lastKnownFileType = sourcecode.c.h; path = AppDelegate.h; sourceTree = "<group>"; };
		FE9374571CE171C100951743 /* AppDelegate.m */ = {isa = PBXFileReference; lastKnownFileType = sourcecode.c.objc; path = AppDelegate.m; sourceTree = "<group>"; };
		FE9374591CE171C100951743 /* ViewController.h */ = {isa = PBXFileReference; lastKnownFileType = sourcecode.c.h; path = ViewController.h; sourceTree = "<group>"; };
		FE93745A1CE171C100951743 /* ViewController.m */ = {isa = PBXFileReference; lastKnownFileType = sourcecode.c.objc; path = ViewController.m; sourceTree = "<group>"; };
		FE93745D1CE171C100951743 /* Base */ = {isa = PBXFileReference; lastKnownFileType = file.storyboard; name = Base; path = Base.lproj/Main.storyboard; sourceTree = "<group>"; };
		FE93745F1CE171C100951743 /* Assets.xcassets */ = {isa = PBXFileReference; lastKnownFileType = folder.assetcatalog; path = Assets.xcassets; sourceTree = "<group>"; };
		FE9374621CE171C100951743 /* Base */ = {isa = PBXFileReference; lastKnownFileType = file.storyboard; name = Base; path = Base.lproj/LaunchScreen.storyboard; sourceTree = "<group>"; };
		FE9374641CE171C100951743 /* Info.plist */ = {isa = PBXFileReference; lastKnownFileType = text.plist.xml; path = Info.plist; sourceTree = "<group>"; };
		FE9374691CE171C100951743 /* testLayerTests.xctest */ = {isa = PBXFileReference; explicitFileType = wrapper.cfbundle; includeInIndex = 0; path = testLayerTests.xctest; sourceTree = BUILT_PRODUCTS_DIR; };
		FE93746D1CE171C100951743 /* testLayerTests.m */ = {isa = PBXFileReference; lastKnownFileType = sourcecode.c.objc; path = testLayerTests.m; sourceTree = "<group>"; };
		FE93746F1CE171C100951743 /* Info.plist */ = {isa = PBXFileReference; lastKnownFileType = text.plist.xml; path = Info.plist; sourceTree = "<group>"; };
		FE9374741CE171C100951743 /* testLayerUITests.xctest */ = {isa = PBXFileReference; explicitFileType = wrapper.cfbundle; includeInIndex = 0; path = testLayerUITests.xctest; sourceTree = BUILT_PRODUCTS_DIR; };
		FE9374781CE171C100951743 /* testLayerUITests.m */ = {isa = PBXFileReference; lastKnownFileType = sourcecode.c.objc; path = testLayerUITests.m; sourceTree = "<group>"; };
		FE93747A1CE171C100951743 /* Info.plist */ = {isa = PBXFileReference; lastKnownFileType = text.plist.xml; path = Info.plist; sourceTree = "<group>"; };
		FE9374861CE1C57900951743 /* NextController.h */ = {isa = PBXFileReference; fileEncoding = 4; lastKnownFileType = sourcecode.c.h; path = NextController.h; sourceTree = "<group>"; };
		FE9374871CE1C57900951743 /* NextController.m */ = {isa = PBXFileReference; fileEncoding = 4; lastKnownFileType = sourcecode.c.objc; path = NextController.m; sourceTree = "<group>"; };
		FEFB9E131CE2BE2600E97812 /* StarController.h */ = {isa = PBXFileReference; fileEncoding = 4; lastKnownFileType = sourcecode.c.h; path = StarController.h; sourceTree = "<group>"; };
		FEFB9E141CE2BE2600E97812 /* StarController.m */ = {isa = PBXFileReference; fileEncoding = 4; lastKnownFileType = sourcecode.c.objc; path = StarController.m; sourceTree = "<group>"; };
		FEFB9E161CE2CC0500E97812 /* TransfromController.h */ = {isa = PBXFileReference; fileEncoding = 4; lastKnownFileType = sourcecode.c.h; path = TransfromController.h; sourceTree = "<group>"; };
		FEFB9E171CE2CC0500E97812 /* TransfromController.m */ = {isa = PBXFileReference; fileEncoding = 4; lastKnownFileType = sourcecode.c.objc; path = TransfromController.m; sourceTree = "<group>"; };
		FEFB9E191CE2D26600E97812 /* EmitterController.h */ = {isa = PBXFileReference; fileEncoding = 4; lastKnownFileType = sourcecode.c.h; path = EmitterController.h; sourceTree = "<group>"; };
		FEFB9E1A1CE2D26600E97812 /* EmitterController.m */ = {isa = PBXFileReference; fileEncoding = 4; lastKnownFileType = sourcecode.c.objc; path = EmitterController.m; sourceTree = "<group>"; };
		FEFB9E1C1CE2D7F900E97812 /* TableViewController.h */ = {isa = PBXFileReference; fileEncoding = 4; lastKnownFileType = sourcecode.c.h; path = TableViewController.h; sourceTree = "<group>"; };
		FEFB9E1D1CE2D7F900E97812 /* TableViewController.m */ = {isa = PBXFileReference; fileEncoding = 4; lastKnownFileType = sourcecode.c.objc; path = TableViewController.m; sourceTree = "<group>"; };
/* End PBXFileReference section */

/* Begin PBXFrameworksBuildPhase section */
		FE93744D1CE171C100951743 /* Frameworks */ = {
			isa = PBXFrameworksBuildPhase;
			buildActionMask = 2147483647;
			files = (
			);
			runOnlyForDeploymentPostprocessing = 0;
		};
		FE9374661CE171C100951743 /* Frameworks */ = {
			isa = PBXFrameworksBuildPhase;
			buildActionMask = 2147483647;
			files = (
			);
			runOnlyForDeploymentPostprocessing = 0;
		};
		FE9374711CE171C100951743 /* Frameworks */ = {
			isa = PBXFrameworksBuildPhase;
			buildActionMask = 2147483647;
			files = (
			);
			runOnlyForDeploymentPostprocessing = 0;
		};
/* End PBXFrameworksBuildPhase section */

/* Begin PBXGroup section */
		FE9374471CE171C100951743 = {
			isa = PBXGroup;
			children = (
				FE9374521CE171C100951743 /* testLayer */,
				FE93746C1CE171C100951743 /* testLayerTests */,
				FE9374771CE171C100951743 /* testLayerUITests */,
				FE9374511CE171C100951743 /* Products */,
			);
			sourceTree = "<group>";
		};
		FE9374511CE171C100951743 /* Products */ = {
			isa = PBXGroup;
			children = (
				FE9374501CE171C100951743 /* testLayer.app */,
				FE9374691CE171C100951743 /* testLayerTests.xctest */,
				FE9374741CE171C100951743 /* testLayerUITests.xctest */,
			);
			name = Products;
			sourceTree = "<group>";
		};
		FE9374521CE171C100951743 /* testLayer */ = {
			isa = PBXGroup;
			children = (
				FE9374561CE171C100951743 /* AppDelegate.h */,
				FE9374571CE171C100951743 /* AppDelegate.m */,
				FEFB9E1C1CE2D7F900E97812 /* TableViewController.h */,
				FEFB9E1D1CE2D7F900E97812 /* TableViewController.m */,
				FE9374591CE171C100951743 /* ViewController.h */,
				FE93745A1CE171C100951743 /* ViewController.m */,
				FE93745C1CE171C100951743 /* Main.storyboard */,
				FE9374861CE1C57900951743 /* NextController.h */,
				FE9374871CE1C57900951743 /* NextController.m */,
				FEFB9E131CE2BE2600E97812 /* StarController.h */,
				FEFB9E141CE2BE2600E97812 /* StarController.m */,
				FEFB9E161CE2CC0500E97812 /* TransfromController.h */,
				FEFB9E171CE2CC0500E97812 /* TransfromController.m */,
				FEFB9E191CE2D26600E97812 /* EmitterController.h */,
				FEFB9E1A1CE2D26600E97812 /* EmitterController.m */,
				FE93745F1CE171C100951743 /* Assets.xcassets */,
				FE9374611CE171C100951743 /* LaunchScreen.storyboard */,
				FE9374641CE171C100951743 /* Info.plist */,
				FE9374531CE171C100951743 /* Supporting Files */,
			);
			path = testLayer;
			sourceTree = "<group>";
		};
		FE9374531CE171C100951743 /* Supporting Files */ = {
			isa = PBXGroup;
			children = (
				FE9374541CE171C100951743 /* main.m */,
			);
			name = "Supporting Files";
			sourceTree = "<group>";
		};
		FE93746C1CE171C100951743 /* testLayerTests */ = {
			isa = PBXGroup;
			children = (
				FE93746D1CE171C100951743 /* testLayerTests.m */,
				FE93746F1CE171C100951743 /* Info.plist */,
			);
			path = testLayerTests;
			sourceTree = "<group>";
		};
		FE9374771CE171C100951743 /* testLayerUITests */ = {
			isa = PBXGroup;
			children = (
				FE9374781CE171C100951743 /* testLayerUITests.m */,
				FE93747A1CE171C100951743 /* Info.plist */,
			);
			path = testLayerUITests;
			sourceTree = "<group>";
		};
/* End PBXGroup section */

/* Begin PBXNativeTarget section */
		FE93744F1CE171C100951743 /* testLayer */ = {
			isa = PBXNativeTarget;
			buildConfigurationList = FE93747D1CE171C100951743 /* Build configuration list for PBXNativeTarget "testLayer" */;
			buildPhases = (
				FE93744C1CE171C100951743 /* Sources */,
				FE93744D1CE171C100951743 /* Frameworks */,
				FE93744E1CE171C100951743 /* Resources */,
			);
			buildRules = (
			);
			dependencies = (
			);
			name = testLayer;
			productName = testLayer;
			productReference = FE9374501CE171C100951743 /* testLayer.app */;
			productType = "com.apple.product-type.application";
		};
		FE9374681CE171C100951743 /* testLayerTests */ = {
			isa = PBXNativeTarget;
			buildConfigurationList = FE9374801CE171C100951743 /* Build configuration list for PBXNativeTarget "testLayerTests" */;
			buildPhases = (
				FE9374651CE171C100951743 /* Sources */,
				FE9374661CE171C100951743 /* Frameworks */,
				FE9374671CE171C100951743 /* Resources */,
			);
			buildRules = (
			);
			dependencies = (
				FE93746B1CE171C100951743 /* PBXTargetDependency */,
			);
			name = testLayerTests;
			productName = testLayerTests;
			productReference = FE9374691CE171C100951743 /* testLayerTests.xctest */;
			productType = "com.apple.product-type.bundle.unit-test";
		};
		FE9374731CE171C100951743 /* testLayerUITests */ = {
			isa = PBXNativeTarget;
			buildConfigurationList = FE9374831CE171C100951743 /* Build configuration list for PBXNativeTarget "testLayerUITests" */;
			buildPhases = (
				FE9374701CE171C100951743 /* Sources */,
				FE9374711CE171C100951743 /* Frameworks */,
				FE9374721CE171C100951743 /* Resources */,
			);
			buildRules = (
			);
			dependencies = (
				FE9374761CE171C100951743 /* PBXTargetDependency */,
			);
			name = testLayerUITests;
			productName = testLayerUITests;
			productReference = FE9374741CE171C100951743 /* testLayerUITests.xctest */;
			productType = "com.apple.product-type.bundle.ui-testing";
		};
/* End PBXNativeTarget section */

/* Begin PBXProject section */
		FE9374481CE171C100951743 /* Project object */ = {
			isa = PBXProject;
			attributes = {
				LastUpgradeCheck = 0730;
				ORGANIZATIONNAME = codera;
				TargetAttributes = {
					FE93744F1CE171C100951743 = {
						CreatedOnToolsVersion = 7.3;
					};
					FE9374681CE171C100951743 = {
						CreatedOnToolsVersion = 7.3;
						TestTargetID = FE93744F1CE171C100951743;
					};
					FE9374731CE171C100951743 = {
						CreatedOnToolsVersion = 7.3;
						TestTargetID = FE93744F1CE171C100951743;
					};
				};
			};
			buildConfigurationList = FE93744B1CE171C100951743 /* Build configuration list for PBXProject "testLayer" */;
			compatibilityVersion = "Xcode 3.2";
			developmentRegion = English;
			hasScannedForEncodings = 0;
			knownRegions = (
				en,
				Base,
			);
			mainGroup = FE9374471CE171C100951743;
			productRefGroup = FE9374511CE171C100951743 /* Products */;
			projectDirPath = "";
			projectRoot = "";
			targets = (
				FE93744F1CE171C100951743 /* testLayer */,
				FE9374681CE171C100951743 /* testLayerTests */,
				FE9374731CE171C100951743 /* testLayerUITests */,
			);
		};
/* End PBXProject section */

/* Begin PBXResourcesBuildPhase section */
		FE93744E1CE171C100951743 /* Resources */ = {
			isa = PBXResourcesBuildPhase;
			buildActionMask = 2147483647;
			files = (
				FE9374631CE171C100951743 /* LaunchScreen.storyboard in Resources */,
				FE9374601CE171C100951743 /* Assets.xcassets in Resources */,
				FE93745E1CE171C100951743 /* Main.storyboard in Resources */,
			);
			runOnlyForDeploymentPostprocessing = 0;
		};
		FE9374671CE171C100951743 /* Resources */ = {
			isa = PBXResourcesBuildPhase;
			buildActionMask = 2147483647;
			files = (
			);
			runOnlyForDeploymentPostprocessing = 0;
		};
		FE9374721CE171C100951743 /* Resources */ = {
			isa = PBXResourcesBuildPhase;
			buildActionMask = 2147483647;
			files = (
			);
			runOnlyForDeploymentPostprocessing = 0;
		};
/* End PBXResourcesBuildPhase section */

/* Begin PBXSourcesBuildPhase section */
		FE93744C1CE171C100951743 /* Sources */ = {
			isa = PBXSourcesBuildPhase;
			buildActionMask = 2147483647;
			files = (
				FEFB9E181CE2CC0500E97812 /* TransfromController.m in Sources */,
				FEFB9E151CE2BE2600E97812 /* StarController.m in Sources */,
				FEFB9E1B1CE2D26600E97812 /* EmitterController.m in Sources */,
				FE93745B1CE171C100951743 /* ViewController.m in Sources */,
				FE9374581CE171C100951743 /* AppDelegate.m in Sources */,
				FE9374881CE1C57900951743 /* NextController.m in Sources */,
				FE9374551CE171C100951743 /* main.m in Sources */,
				FEFB9E1E1CE2D7F900E97812 /* TableViewController.m in Sources */,
			);
			runOnlyForDeploymentPostprocessing = 0;
		};
		FE9374651CE171C100951743 /* Sources */ = {
			isa = PBXSourcesBuildPhase;
			buildActionMask = 2147483647;
			files = (
				FE93746E1CE171C100951743 /* testLayerTests.m in Sources */,
			);
			runOnlyForDeploymentPostprocessing = 0;
		};
		FE9374701CE171C100951743 /* Sources */ = {
			isa = PBXSourcesBuildPhase;
			buildActionMask = 2147483647;
			files = (
				FE9374791CE171C100951743 /* testLayerUITests.m in Sources */,
			);
			runOnlyForDeploymentPostprocessing = 0;
		};
/* End PBXSourcesBuildPhase section */

/* Begin PBXTargetDependency section */
		FE93746B1CE171C100951743 /* PBXTargetDependency */ = {
			isa = PBXTargetDependency;
			target = FE93744F1CE171C100951743 /* testLayer */;
			targetProxy = FE93746A1CE171C100951743 /* PBXContainerItemProxy */;
		};
		FE9374761CE171C100951743 /* PBXTargetDependency */ = {
			isa = PBXTargetDependency;
			target = FE93744F1CE171C100951743 /* testLayer */;
			targetProxy = FE9374751CE171C100951743 /* PBXContainerItemProxy */;
		};
/* End PBXTargetDependency section */

/* Begin PBXVariantGroup section */
		FE93745C1CE171C100951743 /* Main.storyboard */ = {
			isa = PBXVariantGroup;
			children = (
				FE93745D1CE171C100951743 /* Base */,
			);
			name = Main.storyboard;
			sourceTree = "<group>";
		};
		FE9374611CE171C100951743 /* LaunchScreen.storyboard */ = {
			isa = PBXVariantGroup;
			children = (
				FE9374621CE171C100951743 /* Base */,
			);
			name = LaunchScreen.storyboard;
			sourceTree = "<group>";
		};
/* End PBXVariantGroup section */

/* Begin XCBuildConfiguration section */
		FE93747B1CE171C100951743 /* Debug */ = {
			isa = XCBuildConfiguration;
			buildSettings = {
				ALWAYS_SEARCH_USER_PATHS = NO;
				CLANG_ANALYZER_NONNULL = YES;
				CLANG_CXX_LANGUAGE_STANDARD = "gnu++0x";
				CLANG_CXX_LIBRARY = "libc++";
				CLANG_ENABLE_MODULES = YES;
				CLANG_ENABLE_OBJC_ARC = YES;
				CLANG_WARN_BOOL_CONVERSION = YES;
				CLANG_WARN_CONSTANT_CONVERSION = YES;
				CLANG_WARN_DIRECT_OBJC_ISA_USAGE = YES_ERROR;
				CLANG_WARN_EMPTY_BODY = YES;
				CLANG_WARN_ENUM_CONVERSION = YES;
				CLANG_WARN_INT_CONVERSION = YES;
				CLANG_WARN_OBJC_ROOT_CLASS = YES_ERROR;
				CLANG_WARN_UNREACHABLE_CODE = YES;
				CLANG_WARN__DUPLICATE_METHOD_MATCH = YES;
				"CODE_SIGN_IDENTITY[sdk=iphoneos*]" = "iPhone Developer";
				COPY_PHASE_STRIP = NO;
				DEBUG_INFORMATION_FORMAT = dwarf;
				ENABLE_STRICT_OBJC_MSGSEND = YES;
				ENABLE_TESTABILITY = YES;
				GCC_C_LANGUAGE_STANDARD = gnu99;
				GCC_DYNAMIC_NO_PIC = NO;
				GCC_NO_COMMON_BLOCKS = YES;
				GCC_OPTIMIZATION_LEVEL = 0;
				GCC_PREPROCESSOR_DEFINITIONS = (
					"DEBUG=1",
					"$(inherited)",
				);
				GCC_WARN_64_TO_32_BIT_CONVERSION = YES;
				GCC_WARN_ABOUT_RETURN_TYPE = YES_ERROR;
				GCC_WARN_UNDECLARED_SELECTOR = YES;
				GCC_WARN_UNINITIALIZED_AUTOS = YES_AGGRESSIVE;
				GCC_WARN_UNUSED_FUNCTION = YES;
				GCC_WARN_UNUSED_VARIABLE = YES;
				IPHONEOS_DEPLOYMENT_TARGET = 9.3;
				MTL_ENABLE_DEBUG_INFO = YES;
				ONLY_ACTIVE_ARCH = YES;
				SDKROOT = iphoneos;
			};
			name = Debug;
		};
		FE93747C1CE171C100951743 /* Release */ = {
			isa = XCBuildConfiguration;
			buildSettings = {
				ALWAYS_SEARCH_USER_PATHS = NO;
				CLANG_ANALYZER_NONNULL = YES;
				CLANG_CXX_LANGUAGE_STANDARD = "gnu++0x";
				CLANG_CXX_LIBRARY = "libc++";
				CLANG_ENABLE_MODULES = YES;
				CLANG_ENABLE_OBJC_ARC = YES;
				CLANG_WARN_BOOL_CONVERSION = YES;
				CLANG_WARN_CONSTANT_CONVERSION = YES;
				CLANG_WARN_DIRECT_OBJC_ISA_USAGE = YES_ERROR;
				CLANG_WARN_EMPTY_BODY = YES;
				CLANG_WARN_ENUM_CONVERSION = YES;
				CLANG_WARN_INT_CONVERSION = YES;
				CLANG_WARN_OBJC_ROOT_CLASS = YES_ERROR;
				CLANG_WARN_UNREACHABLE_CODE = YES;
				CLANG_WARN__DUPLICATE_METHOD_MATCH = YES;
				"CODE_SIGN_IDENTITY[sdk=iphoneos*]" = "iPhone Developer";
				COPY_PHASE_STRIP = NO;
				DEBUG_INFORMATION_FORMAT = "dwarf-with-dsym";
				ENABLE_NS_ASSERTIONS = NO;
				ENABLE_STRICT_OBJC_MSGSEND = YES;
				GCC_C_LANGUAGE_STANDARD = gnu99;
				GCC_NO_COMMON_BLOCKS = YES;
				GCC_WARN_64_TO_32_BIT_CONVERSION = YES;
				GCC_WARN_ABOUT_RETURN_TYPE = YES_ERROR;
				GCC_WARN_UNDECLARED_SELECTOR = YES;
				GCC_WARN_UNINITIALIZED_AUTOS = YES_AGGRESSIVE;
				GCC_WARN_UNUSED_FUNCTION = YES;
				GCC_WARN_UNUSED_VARIABLE = YES;
				IPHONEOS_DEPLOYMENT_TARGET = 9.3;
				MTL_ENABLE_DEBUG_INFO = NO;
				SDKROOT = iphoneos;
				VALIDATE_PRODUCT = YES;
			};
			name = Release;
		};
		FE93747E1CE171C100951743 /* Debug */ = {
			isa = XCBuildConfiguration;
			buildSettings = {
				ASSETCATALOG_COMPILER_APPICON_NAME = AppIcon;
				INFOPLIST_FILE = testLayer/Info.plist;
				LD_RUNPATH_SEARCH_PATHS = "$(inherited) @executable_path/Frameworks";
				PRODUCT_BUNDLE_IDENTIFIER = com.cordera.testLayer;
				PRODUCT_NAME = "$(TARGET_NAME)";
			};
			name = Debug;
		};
		FE93747F1CE171C100951743 /* Release */ = {
			isa = XCBuildConfiguration;
			buildSettings = {
				ASSETCATALOG_COMPILER_APPICON_NAME = AppIcon;
				INFOPLIST_FILE = testLayer/Info.plist;
				LD_RUNPATH_SEARCH_PATHS = "$(inherited) @executable_path/Frameworks";
				PRODUCT_BUNDLE_IDENTIFIER = com.cordera.testLayer;
				PRODUCT_NAME = "$(TARGET_NAME)";
			};
			name = Release;
		};
		FE9374811CE171C100951743 /* Debug */ = {
			isa = XCBuildConfiguration;
			buildSettings = {
				BUNDLE_LOADER = "$(TEST_HOST)";
				INFOPLIST_FILE = testLayerTests/Info.plist;
				LD_RUNPATH_SEARCH_PATHS = "$(inherited) @executable_path/Frameworks @loader_path/Frameworks";
				PRODUCT_BUNDLE_IDENTIFIER = com.cordera.testLayerTests;
				PRODUCT_NAME = "$(TARGET_NAME)";
				TEST_HOST = "$(BUILT_PRODUCTS_DIR)/testLayer.app/testLayer";
			};
			name = Debug;
		};
		FE9374821CE171C100951743 /* Release */ = {
			isa = XCBuildConfiguration;
			buildSettings = {
				BUNDLE_LOADER = "$(TEST_HOST)";
				INFOPLIST_FILE = testLayerTests/Info.plist;
				LD_RUNPATH_SEARCH_PATHS = "$(inherited) @executable_path/Frameworks @loader_path/Frameworks";
				PRODUCT_BUNDLE_IDENTIFIER = com.cordera.testLayerTests;
				PRODUCT_NAME = "$(TARGET_NAME)";
				TEST_HOST = "$(BUILT_PRODUCTS_DIR)/testLayer.app/testLayer";
			};
			name = Release;
		};
		FE9374841CE171C100951743 /* Debug */ = {
			isa = XCBuildConfiguration;
			buildSettings = {
				INFOPLIST_FILE = testLayerUITests/Info.plist;
				LD_RUNPATH_SEARCH_PATHS = "$(inherited) @executable_path/Frameworks @loader_path/Frameworks";
				PRODUCT_BUNDLE_IDENTIFIER = com.cordera.testLayerUITests;
				PRODUCT_NAME = "$(TARGET_NAME)";
				TEST_TARGET_NAME = testLayer;
			};
			name = Debug;
		};
		FE9374851CE171C100951743 /* Release */ = {
			isa = XCBuildConfiguration;
			buildSettings = {
				INFOPLIST_FILE = testLayerUITests/Info.plist;
				LD_RUNPATH_SEARCH_PATHS = "$(inherited) @executable_path/Frameworks @loader_path/Frameworks";
				PRODUCT_BUNDLE_IDENTIFIER = com.cordera.testLayerUITests;
				PRODUCT_NAME = "$(TARGET_NAME)";
				TEST_TARGET_NAME = testLayer;
			};
			name = Release;
		};
/* End XCBuildConfiguration section */

/* Begin XCConfigurationList section */
		FE93744B1CE171C100951743 /* Build configuration list for PBXProject "testLayer" */ = {
			isa = XCConfigurationList;
			buildConfigurations = (
				FE93747B1CE171C100951743 /* Debug */,
				FE93747C1CE171C100951743 /* Release */,
			);
			defaultConfigurationIsVisible = 0;
			defaultConfigurationName = Release;
		};
		FE93747D1CE171C100951743 /* Build configuration list for PBXNativeTarget "testLayer" */ = {
			isa = XCConfigurationList;
			buildConfigurations = (
				FE93747E1CE171C100951743 /* Debug */,
				FE93747F1CE171C100951743 /* Release */,
			);
			defaultConfigurationIsVisible = 0;
			defaultConfigurationName = Release;
		};
		FE9374801CE171C100951743 /* Build configuration list for PBXNativeTarget "testLayerTests" */ = {
			isa = XCConfigurationList;
			buildConfigurations = (
				FE9374811CE171C100951743 /* Debug */,
				FE9374821CE171C100951743 /* Release */,
			);
			defaultConfigurationIsVisible = 0;
			defaultConfigurationName = Release;
		};
		FE9374831CE171C100951743 /* Build configuration list for PBXNativeTarget "testLayerUITests" */ = {
			isa = XCConfigurationList;
			buildConfigurations = (
				FE9374841CE171C100951743 /* Debug */,
				FE9374851CE171C100951743 /* Release */,
			);
			defaultConfigurationIsVisible = 0;
			defaultConfigurationName = Release;
		};
/* End XCConfigurationList section */
	};
	rootObject = FE9374481CE171C100951743 /* Project object */;
}
